
Microsoft Visual Studio Solution File, Format Version 12.00
# Visual Studio Version 16
VisualStudioVersion = 16.0.31702.278
MinimumVisualStudioVersion = 10.0.40219.1
Project("{9A19103F-16F7-4668-BE54-9A1E7A4F7556}") = "FunctionsReturnAndArrays", "FunctionsReturnAndArrays\FunctionsReturnAndArrays.csproj", "{0BF0C669-8C09-4D43-81F2-85CFBF3AF1A2}"
EndProject
Project("{FAE04EC0-301F-11D3-BF4B-00C04F79EFBC}") = "FridayNightRandom", "FridayNightRandom\FridayNightRandom.csproj", "{A9CCD5E3-6A78-4452-958C-F5C2117A8E12}"
EndProject
Project("{FAE04EC0-301F-11D3-BF4B-00C04F79EFBC}") = "FridayNightRandomReturn", "FridayNightRandomReturn\FridayNightRandomReturn.csproj", "{9820C31C-238B-4E53-B2C8-E837BCE797FF}"
EndProject
Project("{FAE04EC0-301F-11D3-BF4B-00C04F79EFBC}") = "PickFromFile", "PickFromFile\PickFromFile.csproj", "{5D4629AE-1EEF-4C34-B503-DF71683C5611}"
EndProject
Project("{FAE04EC0-301F-11D3-BF4B-00C04F79EFBC}") = "ChuckNorris", "ChuckNorris\ChuckNorris.csproj", "{D3DB14AF-950D-41A0-B340-CCCEEE88F79C}"
EndProject
Global
	GlobalSection(SolutionConfigurationPlatforms) = preSolution
		Debug|Any CPU = Debug|Any CPU
		Release|Any CPU = Release|Any CPU
	EndGlobalSection
	GlobalSection(ProjectConfigurationPlatforms) = postSolution
		{0BF0C669-8C09-4D43-81F2-85CFBF3AF1A2}.Debug|Any CPU.ActiveCfg = Debug|Any CPU
		{0BF0C669-8C09-4D43-81F2-85CFBF3AF1A2}.Debug|Any CPU.Build.0 = Debug|Any CPU
		{0BF0C669-8C09-4D43-81F2-85CFBF3AF1A2}.Release|Any CPU.ActiveCfg = Release|Any CPU
		{0BF0C669-8C09-4D43-81F2-85CFBF3AF1A2}.Release|Any CPU.Build.0 = Release|Any CPU
		{A9CCD5E3-6A78-4452-958C-F5C2117A8E12}.Debug|Any CPU.ActiveCfg = Debug|Any CPU
		{A9CCD5E3-6A78-4452-958C-F5C2117A8E12}.Debug|Any CPU.Build.0 = Debug|Any CPU
		{A9CCD5E3-6A78-4452-958C-F5C2117A8E12}.Release|Any CPU.ActiveCfg = Release|Any CPU
		{A9CCD5E3-6A78-4452-958C-F5C2117A8E12}.Release|Any CPU.Build.0 = Release|Any CPU
		{9820C31C-238B-4E53-B2C8-E837BCE797FF}.Debug|Any CPU.ActiveCfg = Debug|Any CPU
		{9820C31C-238B-4E53-B2C8-E837BCE797FF}.Debug|Any CPU.Build.0 = Debug|Any CPU
		{9820C31C-238B-4E53-B2C8-E837BCE797FF}.Release|Any CPU.ActiveCfg = Release|Any CPU
		{9820C31C-238B-4E53-B2C8-E837BCE797FF}.Release|Any CPU.Build.0 = Release|Any CPU
		{5D4629AE-1EEF-4C34-B503-DF71683C5611}.Debug|Any CPU.ActiveCfg = Debug|Any CPU
		{5D4629AE-1EEF-4C34-B503-DF71683C5611}.Debug|Any CPU.Build.0 = Debug|Any CPU
		{5D4629AE-1EEF-4C34-B503-DF71683C5611}.Release|Any CPU.ActiveCfg = Release|Any CPU
		{5D4629AE-1EEF-4C34-B503-DF71683C5611}.Release|Any CPU.Build.0 = Release|Any CPU
		{D3DB14AF-950D-41A0-B340-CCCEEE88F79C}.Debug|Any CPU.ActiveCfg = Debug|Any CPU
		{D3DB14AF-950D-41A0-B340-CCCEEE88F79C}.Debug|Any CPU.Build.0 = Debug|Any CPU
		{D3DB14AF-950D-41A0-B340-CCCEEE88F79C}.Release|Any CPU.ActiveCfg = Release|Any CPU
		{D3DB14AF-950D-41A0-B340-CCCEEE88F79C}.Release|Any CPU.Build.0 = Release|Any CPU
	EndGlobalSection
	GlobalSection(SolutionProperties) = preSolution
		HideSolutionNode = FALSE
	EndGlobalSection
	GlobalSection(ExtensibilityGlobals) = postSolution
		SolutionGuid = {63A7004F-7302-4619-B626-4776C66EB7EE}
	EndGlobalSection
EndGlobal
